
Microsoft Visual Studio Solution File, Format Version 12.00
# Visual Studio Version 16
VisualStudioVersion = 16.0.30114.105
MinimumVisualStudioVersion = 10.0.40219.1
Project("{FAE04EC0-301F-11D3-BF4B-00C04F79EFBC}") = "SimpleExample", "SimpleExample\SimpleExample.csproj", "{BC0D3158-C7B6-42F1-BC78-6DF4DCA4D939}"
EndProject
Project("{FAE04EC0-301F-11D3-BF4B-00C04F79EFBC}") = "SimpleExample.Generators", "SimpleExample.Generators\SimpleExample.Generators.csproj", "{5EFFD687-BB05-4FCF-8DB2-0603B0FA0234}"
EndProject
Project("{FAE04EC0-301F-11D3-BF4B-00C04F79EFBC}") = "SimpleExample.IncrementalGeneators", "SimpleExample.IncrementalGeneators\SimpleExample.IncrementalGeneators.csproj", "{CF2B1BA7-383A-48F3-88D2-3969AB1FF88E}"
EndProject
Global
	GlobalSection(SolutionConfigurationPlatforms) = preSolution
		Debug|Any CPU = Debug|Any CPU
		Release|Any CPU = Release|Any CPU
	EndGlobalSection
	GlobalSection(SolutionProperties) = preSolution
		HideSolutionNode = FALSE
	EndGlobalSection
	GlobalSection(ProjectConfigurationPlatforms) = postSolution
		{BC0D3158-C7B6-42F1-BC78-6DF4DCA4D939}.Debug|Any CPU.ActiveCfg = Debug|Any CPU
		{BC0D3158-C7B6-42F1-BC78-6DF4DCA4D939}.Debug|Any CPU.Build.0 = Debug|Any CPU
		{BC0D3158-C7B6-42F1-BC78-6DF4DCA4D939}.Release|Any CPU.ActiveCfg = Release|Any CPU
		{BC0D3158-C7B6-42F1-BC78-6DF4DCA4D939}.Release|Any CPU.Build.0 = Release|Any CPU
		{5EFFD687-BB05-4FCF-8DB2-0603B0FA0234}.Debug|Any CPU.ActiveCfg = Debug|Any CPU
		{5EFFD687-BB05-4FCF-8DB2-0603B0FA0234}.Debug|Any CPU.Build.0 = Debug|Any CPU
		{5EFFD687-BB05-4FCF-8DB2-0603B0FA0234}.Release|Any CPU.ActiveCfg = Release|Any CPU
		{5EFFD687-BB05-4FCF-8DB2-0603B0FA0234}.Release|Any CPU.Build.0 = Release|Any CPU
		{CF2B1BA7-383A-48F3-88D2-3969AB1FF88E}.Debug|Any CPU.ActiveCfg = Debug|Any CPU
		{CF2B1BA7-383A-48F3-88D2-3969AB1FF88E}.Debug|Any CPU.Build.0 = Debug|Any CPU
		{CF2B1BA7-383A-48F3-88D2-3969AB1FF88E}.Release|Any CPU.ActiveCfg = Release|Any CPU
		{CF2B1BA7-383A-48F3-88D2-3969AB1FF88E}.Release|Any CPU.Build.0 = Release|Any CPU
	EndGlobalSection
EndGlobal
