
Microsoft Visual Studio Solution File, Format Version 12.00
# Visual Studio Version 16
VisualStudioVersion = 16.0.30114.105
MinimumVisualStudioVersion = 10.0.40219.1
Project("{FAE04EC0-301F-11D3-BF4B-00C04F79EFBC}") = "WebApi", "WebApi\WebApi.csproj", "{CC992C92-7A72-4C3B-AFE3-092C08D82F8A}"
EndProject
Project("{FAE04EC0-301F-11D3-BF4B-00C04F79EFBC}") = "WebApi.IncrementalGenerators", "WebApi.IncrementalGenerators\WebApi.IncrementalGenerators.csproj", "{1DDBA45E-EBE3-45CC-92C5-3E729282D4E9}"
EndProject
Project("{FAE04EC0-301F-11D3-BF4B-00C04F79EFBC}") = "WebApi.Generators", "WebApi.Generators\WebApi.Generators.csproj", "{E94FE5CA-4992-4133-B0BC-B03205A08D6C}"
EndProject
Project("{2150E333-8FDC-42A3-9474-1A3956D46DE8}") = "Notes", "Notes", "{72177784-C1AC-423C-A03D-83A62F1729C6}"
	ProjectSection(SolutionItems) = preProject
		notes.md = notes.md
	EndProjectSection
EndProject
Global
	GlobalSection(SolutionConfigurationPlatforms) = preSolution
		Debug|Any CPU = Debug|Any CPU
		Release|Any CPU = Release|Any CPU
	EndGlobalSection
	GlobalSection(SolutionProperties) = preSolution
		HideSolutionNode = FALSE
	EndGlobalSection
	GlobalSection(ProjectConfigurationPlatforms) = postSolution
		{CC992C92-7A72-4C3B-AFE3-092C08D82F8A}.Debug|Any CPU.ActiveCfg = Debug|Any CPU
		{CC992C92-7A72-4C3B-AFE3-092C08D82F8A}.Debug|Any CPU.Build.0 = Debug|Any CPU
		{CC992C92-7A72-4C3B-AFE3-092C08D82F8A}.Release|Any CPU.ActiveCfg = Release|Any CPU
		{CC992C92-7A72-4C3B-AFE3-092C08D82F8A}.Release|Any CPU.Build.0 = Release|Any CPU
		{1DDBA45E-EBE3-45CC-92C5-3E729282D4E9}.Debug|Any CPU.ActiveCfg = Debug|Any CPU
		{1DDBA45E-EBE3-45CC-92C5-3E729282D4E9}.Debug|Any CPU.Build.0 = Debug|Any CPU
		{1DDBA45E-EBE3-45CC-92C5-3E729282D4E9}.Release|Any CPU.ActiveCfg = Release|Any CPU
		{1DDBA45E-EBE3-45CC-92C5-3E729282D4E9}.Release|Any CPU.Build.0 = Release|Any CPU
		{E94FE5CA-4992-4133-B0BC-B03205A08D6C}.Debug|Any CPU.ActiveCfg = Debug|Any CPU
		{E94FE5CA-4992-4133-B0BC-B03205A08D6C}.Debug|Any CPU.Build.0 = Debug|Any CPU
		{E94FE5CA-4992-4133-B0BC-B03205A08D6C}.Release|Any CPU.ActiveCfg = Release|Any CPU
		{E94FE5CA-4992-4133-B0BC-B03205A08D6C}.Release|Any CPU.Build.0 = Release|Any CPU
	EndGlobalSection
EndGlobal
