
Microsoft Visual Studio Solution File, Format Version 12.00
# Visual Studio Version 16
VisualStudioVersion = 16.0.30114.105
MinimumVisualStudioVersion = 10.0.40219.1
Project("{FAE04EC0-301F-11D3-BF4B-00C04F79EFBC}") = "WebApi", "WebApi\WebApi.csproj", "{CC992C92-7A72-4C3B-AFE3-092C08D82F8A}"
EndProject
Project("{FAE04EC0-301F-11D3-BF4B-00C04F79EFBC}") = "WebApi.IncrementalGenerators", "WebApi.IncrementalGenerators\WebApi.IncrementalGenerators.csproj", "{1DDBA45E-EBE3-45CC-92C5-3E729282D4E9}"
EndProject
Global
	GlobalSection(SolutionConfigurationPlatforms) = preSolution
		Debug|Any CPU = Debug|Any CPU
		Release|Any CPU = Release|Any CPU
	EndGlobalSection
	GlobalSection(SolutionProperties) = preSolution
		HideSolutionNode = FALSE
	EndGlobalSection
	GlobalSection(ProjectConfigurationPlatforms) = postSolution
		{CC992C92-7A72-4C3B-AFE3-092C08D82F8A}.Debug|Any CPU.ActiveCfg = Debug|Any CPU
		{CC992C92-7A72-4C3B-AFE3-092C08D82F8A}.Debug|Any CPU.Build.0 = Debug|Any CPU
		{CC992C92-7A72-4C3B-AFE3-092C08D82F8A}.Release|Any CPU.ActiveCfg = Release|Any CPU
		{CC992C92-7A72-4C3B-AFE3-092C08D82F8A}.Release|Any CPU.Build.0 = Release|Any CPU
		{1DDBA45E-EBE3-45CC-92C5-3E729282D4E9}.Debug|Any CPU.ActiveCfg = Debug|Any CPU
		{1DDBA45E-EBE3-45CC-92C5-3E729282D4E9}.Debug|Any CPU.Build.0 = Debug|Any CPU
		{1DDBA45E-EBE3-45CC-92C5-3E729282D4E9}.Release|Any CPU.ActiveCfg = Release|Any CPU
		{1DDBA45E-EBE3-45CC-92C5-3E729282D4E9}.Release|Any CPU.Build.0 = Release|Any CPU
	EndGlobalSection
EndGlobal
